{
  "name": "build_car",
  "lockfileVersion": 3,
  "requires": true,
  "packages": {
    "": {
      "dependencies": {
        "@babylonjs/loaders": "^6.42.0",
        "babylonjs": "^6.42.0",
        "earcut": "^2.2.4",
        "jquery.pep.js": "^0.6.10"
      }
    },
    "node_modules/@babylonjs/core": {
      "version": "6.42.0",
      "resolved": "https://registry.npmjs.org/@babylonjs/core/-/core-6.42.0.tgz",
      "integrity": "sha512-HNffInqQilrjrbKzjUv1iW5XdN31G8rw/FT5Lk/IlD6wK9vwSjxXaFUn5qCTCNUkGhU8gzpyxHrhsFtpy1X1yA==",
      "peer": true
    },
    "node_modules/@babylonjs/loaders": {
      "version": "6.42.0",
      "resolved": "https://registry.npmjs.org/@babylonjs/loaders/-/loaders-6.42.0.tgz",
      "integrity": "sha512-lbc5SsE4znUVyM+IA4mgmSCKT7GI/6Trf5+zgXGBN6INbBbMgfoRw01/fj6RSxZrDtrCYWE9a2xyw5fogaxoWA==",
      "peerDependencies": {
        "@babylonjs/core": "^6.0.0",
        "babylonjs-gltf2interface": "^6.0.0"
      }
    },
    "node_modules/babylonjs": {
      "version": "6.42.0",
      "resolved": "https://registry.npmjs.org/babylonjs/-/babylonjs-6.42.0.tgz",
      "integrity": "sha512-j+POh7KphmiASwPfgM+jRUt3e2TB5vncd9E6taKmORUKv1ktzdARxgQhdc0sOmAtT/AYNEsdT7WNl6UTKp0m/w==",
      "hasInstallScript": true
    },
    "node_modules/babylonjs-gltf2interface": {
      "version": "6.42.0",
      "resolved": "https://registry.npmjs.org/babylonjs-gltf2interface/-/babylonjs-gltf2interface-6.42.0.tgz",
      "integrity": "sha512-JbAn+AK+0VPN6V9MNd2GGktYPP36CwKRv8E+KXhS7NqqudMrN1TKZ+RaqboGi+ICk5JeqbSBCkzCHLMbkrCltg==",
      "peer": true
    },
    "node_modules/earcut": {
      "version": "2.2.4",
      "resolved": "https://registry.npmjs.org/earcut/-/earcut-2.2.4.tgz",
      "integrity": "sha512-/pjZsA1b4RPHbeWZQn66SWS8nZZWLQQ23oE3Eam7aroEFGEvwKAsJfZ9ytiEMycfzXWpca4FA9QIOehf7PocBQ=="
    },
    "node_modules/jquery": {
      "version": "3.7.1",
      "resolved": "https://registry.npmjs.org/jquery/-/jquery-3.7.1.tgz",
      "integrity": "sha512-m4avr8yL8kmFN8psrbFFFmB/If14iN5o9nw/NgnnM+kybDJpRsAynV2BsfpTYrTRysYUdADVD7CkUUizgkpLfg=="
    },
    "node_modules/jquery.pep.js": {
      "version": "0.6.10",
      "resolved": "https://registry.npmjs.org/jquery.pep.js/-/jquery.pep.js-0.6.10.tgz",
      "integrity": "sha512-OenoYfHQYvWK//0z1wQ6WAkrUeM+lGlKuhev/PQFurHmY8ZwJw8nOFzP7zu2iwV2wo9EDTa8zMoQzkT45Q6//g==",
      "dependencies": {
        "jquery": "*"
      }
    }
  }
}
